schema: '2.0'
stages:
  load_data:
    cmd: python -m src.nyc_tfp.load_data
    deps:
    - path: src/nyc_tfp/load_data.py
      hash: md5
      md5: 5011c4566a1eadcac8b9543a982ab386
      size: 2809
    params:
      params.yaml:
        paths.dataset_download_path: data/01_raw
        paths.raw_dataset_path: data/01_raw/train.csv
    outs:
    - path: data/01_raw/train.csv
      hash: md5
      md5: 75df8d0b86390d89bdd398c032b38653
      size: 5697178298
  preprocess:
    cmd: python -m src.nyc_tfp.preprocess
    deps:
    - path: data/01_raw/train.csv
      hash: md5
      md5: 75df8d0b86390d89bdd398c032b38653
      size: 5697178298
    - path: src/nyc_tfp/preprocess.py
      hash: md5
      md5: 0a916f2e2b87f1b64a0cf471b7284d13
      size: 19043
    params:
      params.yaml:
        features:
          numeric:
          - trip_distance
          - passenger_count
          - pickup_datetime_year
          boolean:
          - pickup_datetime_is_weekend
          - pickup_datetime_is_late_night
          - pickup_datetime_is_night
          - pickup_datetime_is_early_morning
          - pickup_datetime_is_rush_hour
          cyclic:
          - hour_sin
          - hour_cos
          - dow_sin
          - dow_cos
          - month_sin
          - month_cos
          - doy_sin
          - doy_cos
          categorical: []
        paths.preprocessed_dataset_path: data/02_preprocessed/preprocessed_df.csv
        paths.raw_dataset_path: data/01_raw/train.csv
    outs:
    - path: data/02_preprocessed/preprocessed_df.csv
      hash: md5
      md5: 230cabb6bdbaf480bbb4c9a73a52b5c5
      size: 4047285212
  train:
    cmd: python -m src.nyc_tfp.train_model
    deps:
    - path: data/02_preprocessed/preprocessed_df.csv
      hash: md5
      md5: 230cabb6bdbaf480bbb4c9a73a52b5c5
      size: 4047285212
    - path: params.yaml
      hash: md5
      md5: 93b20c7cf3fcfbe1a9946e1262cec199
      size: 1085
    - path: src/nyc_tfp/train_model.py
      hash: md5
      md5: 8b7041f0f96e55a78bfea54bdd95548b
      size: 13402
    params:
      params.yaml:
        experiment.name: NYC_Taxi_Fare_Pred
        features:
          numeric:
          - trip_distance
          - passenger_count
          - pickup_datetime_year
          boolean:
          - pickup_datetime_is_weekend
          - pickup_datetime_is_late_night
          - pickup_datetime_is_night
          - pickup_datetime_is_early_morning
          - pickup_datetime_is_rush_hour
          cyclic:
          - hour_sin
          - hour_cos
          - dow_sin
          - dow_cos
          - month_sin
          - month_cos
          - doy_sin
          - doy_cos
          categorical: []
        model:
          type: LinearRegression
          alpha: 0.01
        paths.final_dataset_path: data/03_final/final_df.csv
        paths.preprocessed_dataset_path: data/02_preprocessed/preprocessed_df.csv
        target_feature: fare_amount
        version: v4
    outs:
    - path: models/model.pkl
      hash: md5
      md5: ae7be769f5bc21b129f9ff99cd8aeaf2
      size: 1517
    - path: models/preprocessor.pkl
      hash: md5
      md5: f3aa4082c7d6fe8fa572acd50d1de600
      size: 3423
