schema: '2.0'
stages:
  load_data:
    cmd: python -m src.nyc_tfp.load_data
    deps:
    - path: src/nyc_tfp/load_data.py
      hash: md5
      md5: 5011c4566a1eadcac8b9543a982ab386
      size: 2809
    params:
      params.yaml:
        paths.dataset_download_path: data/01_raw
        paths.raw_dataset_path: data/01_raw/train.csv
    outs:
    - path: data/01_raw/train.csv
      hash: md5
      md5: 75df8d0b86390d89bdd398c032b38653
      size: 5697178298
  preprocess:
    cmd: python -m src.nyc_tfp.preprocess
    deps:
    - path: data/01_raw/train.csv
      hash: md5
      md5: 75df8d0b86390d89bdd398c032b38653
      size: 5697178298
    - path: src/nyc_tfp/preprocess.py
      hash: md5
      md5: ab8eab94e1805ed05b1303dff0f8abf8
      size: 18773
    params:
      params.yaml:
        features:
          numeric:
          - pickup_longitude
          - pickup_latitude
          - dropoff_longitude
          - dropoff_latitude
          - trip_distance
          - passenger_count
          - pickup_datetime_year
          boolean:
          - pickup_datetime_is_weekend
          - pickup_datetime_is_late_night
          - pickup_datetime_is_night
          - pickup_datetime_is_early_morning
          - pickup_datetime_is_rush_hour
          cyclic:
          - hour_sin
          - hour_cos
          - dow_sin
          - dow_cos
          - month_sin
          - month_cos
          - doy_sin
          - doy_cos
          categorical: []
        paths.preprocessed_dataset_path: data/02_preprocessed/preprocessed_df.csv
        paths.raw_dataset_path: data/01_raw/train.csv
    outs:
    - path: data/02_preprocessed/preprocessed_df.csv
      hash: md5
      md5: b57946ab9646deccc1b70adbcf5e18c0
      size: 4976017503
  train:
    cmd: python -m src.nyc_tfp.train_model
    deps:
    - path: data/02_preprocessed/preprocessed_df.csv
      hash: md5
      md5: b57946ab9646deccc1b70adbcf5e18c0
      size: 4976017503
    - path: params.yaml
      hash: md5
      md5: a954ef690e2640baf67f71e82aa5da69
      size: 995
    - path: src/nyc_tfp/train_model.py
      hash: md5
      md5: 045f3dbdbb6f409a33077e722beb9427
      size: 4431
    params:
      params.yaml:
        experiment.name: NYC_Taxi_Fare_Pred
        features:
          numeric:
          - pickup_longitude
          - pickup_latitude
          - dropoff_longitude
          - dropoff_latitude
          - trip_distance
          - passenger_count
          - pickup_datetime_year
          boolean:
          - pickup_datetime_is_weekend
          - pickup_datetime_is_late_night
          - pickup_datetime_is_night
          - pickup_datetime_is_early_morning
          - pickup_datetime_is_rush_hour
          cyclic:
          - hour_sin
          - hour_cos
          - dow_sin
          - dow_cos
          - month_sin
          - month_cos
          - doy_sin
          - doy_cos
          categorical: []
        model:
          type: LinearRegression
          alpha: 0.01
        paths.final_dataset_path: data/03_final/final_df.csv
        paths.preprocessed_dataset_path: data/02_preprocessed/preprocessed_df.csv
        target_feature: fare_amount
        version: v4
    outs:
    - path: models/model.pkl
      hash: md5
      md5: 01980dad081caa8c4a10f6c3443fb597
      size: 873
    - path: models/preprocessor.pkl
      hash: md5
      md5: 98203cc402ed4e7990e4337ca2dbed36
      size: 3759
